PODS:
  - APod (0.1.0):
    - BaseBusiness
  - BaseBusiness (0.1.2)
  - FBSnapshotTestCase (2.1.4):
    - FBSnapshotTestCase/SwiftSupport (= 2.1.4)
  - FBSnapshotTestCase/Core (2.1.4)
  - FBSnapshotTestCase/SwiftSupport (2.1.4):
    - FBSnapshotTestCase/Core

DEPENDENCIES:
  - APod (from `../`)
  - FBSnapshotTestCase (~> 2.1.4)

SPEC REPOS:
  https://github.com/cocoapods/specs.git:
    - BaseBusiness
    - FBSnapshotTestCase

EXTERNAL SOURCES:
  APod:
    :path: "../"

SPEC CHECKSUMS:
  APod: 7a13c3728117206895cc296a21009ebedd0e79bf
  BaseBusiness: b3730321d7979c58bb41d952287498625e473b81
  FBSnapshotTestCase: 094f9f314decbabe373b87cc339bea235a63e07a

PODFILE CHECKSUM: c9a40a0f9e1ebb24c5975593f6bdc08bd4fc8dad

COCOAPODS: 1.5.3
